{
  "pins" : [
    {
      "identity" : "springanimation",
      "kind" : "remoteSourceControl",
      "location" : "https://github.com/LexDeBash/SpringAnimation.git",
      "state" : {
        "revision" : "93c90034c94d0374f634d7f29950655933b9045a",
        "version" : "0.3.0"
      }
    }
  ],
  "version" : 2
}
